
Microsoft Visual Studio Solution File, Format Version 12.00
# Visual Studio Version 16
VisualStudioVersion = 16.0.34031.81
MinimumVisualStudioVersion = 10.0.40219.1
Project("{FAE04EC0-301F-11D3-BF4B-00C04F79EFBC}") = "Module15.Practice", "Module15.Practice\Module15.Practice.csproj", "{133B7E46-635C-4DBB-9CB0-12C881D089E1}"
EndProject
Global
	GlobalSection(SolutionConfigurationPlatforms) = preSolution
		Debug|Any CPU = Debug|Any CPU
		Release|Any CPU = Release|Any CPU
	EndGlobalSection
	GlobalSection(ProjectConfigurationPlatforms) = postSolution
		{133B7E46-635C-4DBB-9CB0-12C881D089E1}.Debug|Any CPU.ActiveCfg = Debug|Any CPU
		{133B7E46-635C-4DBB-9CB0-12C881D089E1}.Debug|Any CPU.Build.0 = Debug|Any CPU
		{133B7E46-635C-4DBB-9CB0-12C881D089E1}.Release|Any CPU.ActiveCfg = Release|Any CPU
		{133B7E46-635C-4DBB-9CB0-12C881D089E1}.Release|Any CPU.Build.0 = Release|Any CPU
	EndGlobalSection
	GlobalSection(SolutionProperties) = preSolution
		HideSolutionNode = FALSE
	EndGlobalSection
	GlobalSection(ExtensibilityGlobals) = postSolution
		SolutionGuid = {6E345369-2458-48E4-8E29-F303C635CE77}
	EndGlobalSection
EndGlobal
